{
  "nodes": {
    "nixpkgs": {
      "locked": {
        "lastModified": 1783522502,
        "narHash": "sha256-iffAls3iaNTyJC2faYcUXSI+Gp02cDjYl+MygxKl2GI=",
        "owner": "NixOS",
        "repo": "nixpkgs",
        "rev": "0bb7ec54c8483066ec9d7720e780a5caa71f8612",
        "type": "github"
      },
      "original": {
        "owner": "NixOS",
        "ref": "nixos-unstable",
        "repo": "nixpkgs",
        "type": "github"
      }
    },
    "prisma-utils": {
      "locked": {
        "lastModified": 1775221764,
        "narHash": "sha256-fwpba4vL4JrMJEbHeorLkn6z3+kjO+5RRZB6fh8ZIwY=",
        "owner": "VanCoding",
        "repo": "nix-prisma-utils",
        "rev": "984c6b0eb4b36cf3ebfb29dc7247e221d15a083e",
        "type": "github"
      },
      "original": {
        "owner": "VanCoding",
        "repo": "nix-prisma-utils",
        "type": "github"
      }
    },
    "root": {
      "inputs": {
        "nixpkgs": "nixpkgs",
        "prisma-utils": "prisma-utils"
      }
    }
  },
  "root": "root",
  "version": 7
}
